
Microsoft Visual Studio Solution File, Format Version 12.00
# Visual Studio 2015
Project("{FAE04EC0-301F-11D3-BF4B-00C04F79EFBC}") = "1in2500_prototype.CSharp", "1in2500_prototype.CSharp.csproj", "{5604ACB4-546F-F908-B0E7-4193CE771A56}"
EndProject
Global
	GlobalSection(SolutionConfigurationPlatforms) = preSolution
		Debug|Any CPU = Debug|Any CPU
		Release|Any CPU = Release|Any CPU
	EndGlobalSection
	GlobalSection(ProjectConfigurationPlatforms) = postSolution
		{5604ACB4-546F-F908-B0E7-4193CE771A56}.Debug|Any CPU.ActiveCfg = Debug|Any CPU
		{5604ACB4-546F-F908-B0E7-4193CE771A56}.Debug|Any CPU.Build.0 = Debug|Any CPU
		{5604ACB4-546F-F908-B0E7-4193CE771A56}.Release|Any CPU.ActiveCfg = Release|Any CPU
		{5604ACB4-546F-F908-B0E7-4193CE771A56}.Release|Any CPU.Build.0 = Release|Any CPU
	EndGlobalSection
	GlobalSection(SolutionProperties) = preSolution
		HideSolutionNode = FALSE
	EndGlobalSection
EndGlobal
