Microsoft Visual Studio Solution File, Format Version 11.00
# Visual Studio 2008

Project("{99F20685-DAE3-D013-070F-132CEDA26B14}") = "LDSO3", "Assembly-CSharp.csproj", "{6FAE6B1D-410B-9C36-4952-122363D0F437}"
EndProject
Global
	GlobalSection(SolutionConfigurationPlatforms) = preSolution
		Debug|Any CPU = Debug|Any CPU
		Release|Any CPU = Release|Any CPU
	EndGlobalSection
	GlobalSection(ProjectConfigurationPlatforms) = postSolution
		{6FAE6B1D-410B-9C36-4952-122363D0F437}.Debug|Any CPU.ActiveCfg = Debug|Any CPU
		{6FAE6B1D-410B-9C36-4952-122363D0F437}.Debug|Any CPU.Build.0 = Debug|Any CPU
		{6FAE6B1D-410B-9C36-4952-122363D0F437}.Release|Any CPU.ActiveCfg = Release|Any CPU
		{6FAE6B1D-410B-9C36-4952-122363D0F437}.Release|Any CPU.Build.0 = Release|Any CPU
	EndGlobalSection
	GlobalSection(SolutionProperties) = preSolution
		HideSolutionNode = FALSE
	EndGlobalSection
	GlobalSection(MonoDevelopProperties) = preSolution
		StartupItem = Assembly-CSharp.csproj
	EndGlobalSection
EndGlobal
